PODS:
  - Flutter (1.0.0)
  - UMCCommon (7.2.2)
  - UMCCommonLog (2.0.0)
  - umeng_sdk (0.0.1):
    - Flutter
    - UMCCommon (= 7.2.2)
    - UMCCommonLog

DEPENDENCIES:
  - Flutter (from `Flutter`)
  - umeng_sdk (from `.symlinks/plugins/umeng_sdk/ios`)

SPEC REPOS:
  https://github.com/CocoaPods/Specs.git:
    - UMCCommon
    - UMCCommonLog

EXTERNAL SOURCES:
  Flutter:
    :path: Flutter
  umeng_sdk:
    :path: ".symlinks/plugins/umeng_sdk/ios"

SPEC CHECKSUMS:
  Flutter: 0e3d915762c693b495b44d77113d4970485de6ec
  UMCCommon: 15e5311b00c7ff6e6ffb1f5c965651373b6b2b3c
  UMCCommonLog: 9b7ddde5d14a52fc1986ba5ac3121b8b2f433638
  umeng_sdk: 3846f719181b4e3f2aa8cf80f7bd40ab6ff48dce

PODFILE CHECKSUM: 13cd9f1f252f34d3197423ee9d0a1bc293d00b8b

COCOAPODS: 1.9.3
